
Microsoft Visual Studio Solution File, Format Version 12.00
# Visual Studio 2013
VisualStudioVersion = 12.0.40629.0
MinimumVisualStudioVersion = 10.0.40219.1
Project("{FAE04EC0-301F-11D3-BF4B-00C04F79EFBC}") = "Teltec.Common", "Teltec.Common\Teltec.Common.csproj", "{2894AAE3-E8C9-4EB5-82D4-66ED6DCAD810}"
EndProject
Project("{FAE04EC0-301F-11D3-BF4B-00C04F79EFBC}") = "Teltec.Storage", "Teltec.Storage\Teltec.Storage.csproj", "{0C04ED53-6F3C-4F66-BD02-9391AD199B2D}"
	ProjectSection(ProjectDependencies) = postProject
		{B77226A6-5FDB-4E24-87DF-49C64A9B1454} = {B77226A6-5FDB-4E24-87DF-49C64A9B1454}
	EndProjectSection
EndProject
Project("{FAE04EC0-301F-11D3-BF4B-00C04F79EFBC}") = "Teltec.Backup.App", "Teltec.Backup.App\Teltec.Backup.App.csproj", "{AA94A2C3-545B-4E24-9D46-AE45740C461A}"
	ProjectSection(ProjectDependencies) = postProject
		{B77226A6-5FDB-4E24-87DF-49C64A9B1454} = {B77226A6-5FDB-4E24-87DF-49C64A9B1454}
	EndProjectSection
EndProject
Project("{FAE04EC0-301F-11D3-BF4B-00C04F79EFBC}") = "Teltec.Forms.Wizard", "Teltec.Forms.Wizard\Teltec.Forms.Wizard.csproj", "{03B4F6D7-E176-41FC-BD45-A2FBFA739248}"
EndProject
Project("{FAE04EC0-301F-11D3-BF4B-00C04F79EFBC}") = "Teltec.FileSystem", "Teltec.FileSystem\Teltec.FileSystem.csproj", "{C3E6071D-6940-453C-A919-795795F82584}"
EndProject
Project("{FAE04EC0-301F-11D3-BF4B-00C04F79EFBC}") = "Teltec.FileSystem.Tests", "Teltec.FileSystem.Tests\Teltec.FileSystem.Tests.csproj", "{FE9FBDAE-343F-4EFF-9428-722AACD1D10E}"
EndProject
Project("{FAE04EC0-301F-11D3-BF4B-00C04F79EFBC}") = "Teltec.Backup.Scheduler", "Teltec.Backup.Scheduler\Teltec.Backup.Scheduler.csproj", "{134C9546-EC3F-4C05-87E3-5E11DDEB1BCE}"
	ProjectSection(ProjectDependencies) = postProject
		{B77226A6-5FDB-4E24-87DF-49C64A9B1454} = {B77226A6-5FDB-4E24-87DF-49C64A9B1454}
		{991059EF-F7D6-4FD8-B462-1F54467F6A33} = {991059EF-F7D6-4FD8-B462-1F54467F6A33}
	EndProjectSection
EndProject
Project("{FAE04EC0-301F-11D3-BF4B-00C04F79EFBC}") = "Teltec.Backup.PlanExecutor", "Teltec.Backup.PlanExecutor\Teltec.Backup.PlanExecutor.csproj", "{0D704DE4-13FE-4603-A903-6CD9939A2645}"
	ProjectSection(ProjectDependencies) = postProject
		{E0F1BB0E-7C53-4215-BBE8-133DE93D5905} = {E0F1BB0E-7C53-4215-BBE8-133DE93D5905}
		{B77226A6-5FDB-4E24-87DF-49C64A9B1454} = {B77226A6-5FDB-4E24-87DF-49C64A9B1454}
		{991059EF-F7D6-4FD8-B462-1F54467F6A33} = {991059EF-F7D6-4FD8-B462-1F54467F6A33}
	EndProjectSection
EndProject
Project("{FAE04EC0-301F-11D3-BF4B-00C04F79EFBC}") = "Installer", "Installer\Installer.csproj", "{BECAF938-12DC-4512-9987-FB82AC30F8A2}"
	ProjectSection(ProjectDependencies) = postProject
		{991059EF-F7D6-4FD8-B462-1F54467F6A33} = {991059EF-F7D6-4FD8-B462-1F54467F6A33}
	EndProjectSection
EndProject
Project("{FAE04EC0-301F-11D3-BF4B-00C04F79EFBC}") = "Teltec.Backup.Data", "Teltec.Backup.Data\Teltec.Backup.Data.csproj", "{991059EF-F7D6-4FD8-B462-1F54467F6A33}"
	ProjectSection(ProjectDependencies) = postProject
		{B77226A6-5FDB-4E24-87DF-49C64A9B1454} = {B77226A6-5FDB-4E24-87DF-49C64A9B1454}
	EndProjectSection
EndProject
Project("{FAE04EC0-301F-11D3-BF4B-00C04F79EFBC}") = "Teltec.Stats", "Teltec.Stats\Teltec.Stats.csproj", "{0D8D6B88-6E57-4B67-80CB-9804ACD8F83A}"
	ProjectSection(ProjectDependencies) = postProject
		{B77226A6-5FDB-4E24-87DF-49C64A9B1454} = {B77226A6-5FDB-4E24-87DF-49C64A9B1454}
	EndProjectSection
EndProject
Project("{FAE04EC0-301F-11D3-BF4B-00C04F79EFBC}") = "Teltec.Backup.Ipc", "Teltec.Backup.Ipc\Teltec.Backup.Ipc.csproj", "{E0F1BB0E-7C53-4215-BBE8-133DE93D5905}"
	ProjectSection(ProjectDependencies) = postProject
		{B77226A6-5FDB-4E24-87DF-49C64A9B1454} = {B77226A6-5FDB-4E24-87DF-49C64A9B1454}
	EndProjectSection
EndProject
Project("{54435603-DBB4-11D2-8724-00A0C9A8B90C}") = "Setup", "Setup\Setup.vdproj", "{8252E4C7-80EB-4BAD-A787-FD95189C65BE}"
EndProject
Project("{FAE04EC0-301F-11D3-BF4B-00C04F79EFBC}") = "Teltec.Backup.Logging", "Teltec.Backup.Logging\Teltec.Backup.Logging.csproj", "{B77226A6-5FDB-4E24-87DF-49C64A9B1454}"
EndProject
Project("{FAE04EC0-301F-11D3-BF4B-00C04F79EFBC}") = "Teltec.Backup.PostInstaller", "Teltec.Backup.PostInstaller\Teltec.Backup.PostInstaller.csproj", "{008DBE47-683D-428A-A56F-539E27F9F9F4}"
EndProject
Project("{FAE04EC0-301F-11D3-BF4B-00C04F79EFBC}") = "Teltec.Storage.Tests", "Teltec.Storage.Tests\Teltec.Storage.Tests.csproj", "{7674A1AC-8777-4248-8348-5614E1D5EBCB}"
EndProject
Project("{FAE04EC0-301F-11D3-BF4B-00C04F79EFBC}") = "Teltec.Backup.Settings", "Teltec.Backup.Settings\Teltec.Backup.Settings.csproj", "{6618CEB2-B807-4F56-8867-44572F71F189}"
EndProject
Global
	GlobalSection(SolutionConfigurationPlatforms) = preSolution
		Debug|Any CPU = Debug|Any CPU
		Release|Any CPU = Release|Any CPU
	EndGlobalSection
	GlobalSection(ProjectConfigurationPlatforms) = postSolution
		{2894AAE3-E8C9-4EB5-82D4-66ED6DCAD810}.Debug|Any CPU.ActiveCfg = Debug|Any CPU
		{2894AAE3-E8C9-4EB5-82D4-66ED6DCAD810}.Debug|Any CPU.Build.0 = Debug|Any CPU
		{2894AAE3-E8C9-4EB5-82D4-66ED6DCAD810}.Release|Any CPU.ActiveCfg = Release|Any CPU
		{2894AAE3-E8C9-4EB5-82D4-66ED6DCAD810}.Release|Any CPU.Build.0 = Release|Any CPU
		{0C04ED53-6F3C-4F66-BD02-9391AD199B2D}.Debug|Any CPU.ActiveCfg = Debug|Any CPU
		{0C04ED53-6F3C-4F66-BD02-9391AD199B2D}.Debug|Any CPU.Build.0 = Debug|Any CPU
		{0C04ED53-6F3C-4F66-BD02-9391AD199B2D}.Release|Any CPU.ActiveCfg = Release|Any CPU
		{0C04ED53-6F3C-4F66-BD02-9391AD199B2D}.Release|Any CPU.Build.0 = Release|Any CPU
		{AA94A2C3-545B-4E24-9D46-AE45740C461A}.Debug|Any CPU.ActiveCfg = Debug|Any CPU
		{AA94A2C3-545B-4E24-9D46-AE45740C461A}.Debug|Any CPU.Build.0 = Debug|Any CPU
		{AA94A2C3-545B-4E24-9D46-AE45740C461A}.Release|Any CPU.ActiveCfg = Release|Any CPU
		{AA94A2C3-545B-4E24-9D46-AE45740C461A}.Release|Any CPU.Build.0 = Release|Any CPU
		{03B4F6D7-E176-41FC-BD45-A2FBFA739248}.Debug|Any CPU.ActiveCfg = Debug|Any CPU
		{03B4F6D7-E176-41FC-BD45-A2FBFA739248}.Debug|Any CPU.Build.0 = Debug|Any CPU
		{03B4F6D7-E176-41FC-BD45-A2FBFA739248}.Release|Any CPU.ActiveCfg = Release|Any CPU
		{03B4F6D7-E176-41FC-BD45-A2FBFA739248}.Release|Any CPU.Build.0 = Release|Any CPU
		{C3E6071D-6940-453C-A919-795795F82584}.Debug|Any CPU.ActiveCfg = Debug|Any CPU
		{C3E6071D-6940-453C-A919-795795F82584}.Debug|Any CPU.Build.0 = Debug|Any CPU
		{C3E6071D-6940-453C-A919-795795F82584}.Release|Any CPU.ActiveCfg = Release|Any CPU
		{C3E6071D-6940-453C-A919-795795F82584}.Release|Any CPU.Build.0 = Release|Any CPU
		{FE9FBDAE-343F-4EFF-9428-722AACD1D10E}.Debug|Any CPU.ActiveCfg = Debug|Any CPU
		{FE9FBDAE-343F-4EFF-9428-722AACD1D10E}.Debug|Any CPU.Build.0 = Debug|Any CPU
		{FE9FBDAE-343F-4EFF-9428-722AACD1D10E}.Release|Any CPU.ActiveCfg = Release|Any CPU
		{FE9FBDAE-343F-4EFF-9428-722AACD1D10E}.Release|Any CPU.Build.0 = Release|Any CPU
		{134C9546-EC3F-4C05-87E3-5E11DDEB1BCE}.Debug|Any CPU.ActiveCfg = Debug|Any CPU
		{134C9546-EC3F-4C05-87E3-5E11DDEB1BCE}.Debug|Any CPU.Build.0 = Debug|Any CPU
		{134C9546-EC3F-4C05-87E3-5E11DDEB1BCE}.Release|Any CPU.ActiveCfg = Release|Any CPU
		{134C9546-EC3F-4C05-87E3-5E11DDEB1BCE}.Release|Any CPU.Build.0 = Release|Any CPU
		{0D704DE4-13FE-4603-A903-6CD9939A2645}.Debug|Any CPU.ActiveCfg = Debug|Any CPU
		{0D704DE4-13FE-4603-A903-6CD9939A2645}.Debug|Any CPU.Build.0 = Debug|Any CPU
		{0D704DE4-13FE-4603-A903-6CD9939A2645}.Release|Any CPU.ActiveCfg = Release|Any CPU
		{0D704DE4-13FE-4603-A903-6CD9939A2645}.Release|Any CPU.Build.0 = Release|Any CPU
		{BECAF938-12DC-4512-9987-FB82AC30F8A2}.Debug|Any CPU.ActiveCfg = Debug|Any CPU
		{BECAF938-12DC-4512-9987-FB82AC30F8A2}.Debug|Any CPU.Build.0 = Debug|Any CPU
		{BECAF938-12DC-4512-9987-FB82AC30F8A2}.Release|Any CPU.ActiveCfg = Release|Any CPU
		{BECAF938-12DC-4512-9987-FB82AC30F8A2}.Release|Any CPU.Build.0 = Release|Any CPU
		{991059EF-F7D6-4FD8-B462-1F54467F6A33}.Debug|Any CPU.ActiveCfg = Debug|Any CPU
		{991059EF-F7D6-4FD8-B462-1F54467F6A33}.Debug|Any CPU.Build.0 = Debug|Any CPU
		{991059EF-F7D6-4FD8-B462-1F54467F6A33}.Release|Any CPU.ActiveCfg = Release|Any CPU
		{991059EF-F7D6-4FD8-B462-1F54467F6A33}.Release|Any CPU.Build.0 = Release|Any CPU
		{0D8D6B88-6E57-4B67-80CB-9804ACD8F83A}.Debug|Any CPU.ActiveCfg = Debug|Any CPU
		{0D8D6B88-6E57-4B67-80CB-9804ACD8F83A}.Debug|Any CPU.Build.0 = Debug|Any CPU
		{0D8D6B88-6E57-4B67-80CB-9804ACD8F83A}.Release|Any CPU.ActiveCfg = Release|Any CPU
		{0D8D6B88-6E57-4B67-80CB-9804ACD8F83A}.Release|Any CPU.Build.0 = Release|Any CPU
		{E0F1BB0E-7C53-4215-BBE8-133DE93D5905}.Debug|Any CPU.ActiveCfg = Debug|Any CPU
		{E0F1BB0E-7C53-4215-BBE8-133DE93D5905}.Debug|Any CPU.Build.0 = Debug|Any CPU
		{E0F1BB0E-7C53-4215-BBE8-133DE93D5905}.Release|Any CPU.ActiveCfg = Release|Any CPU
		{E0F1BB0E-7C53-4215-BBE8-133DE93D5905}.Release|Any CPU.Build.0 = Release|Any CPU
		{8252E4C7-80EB-4BAD-A787-FD95189C65BE}.Debug|Any CPU.ActiveCfg = Debug
		{8252E4C7-80EB-4BAD-A787-FD95189C65BE}.Release|Any CPU.ActiveCfg = Release
		{B77226A6-5FDB-4E24-87DF-49C64A9B1454}.Debug|Any CPU.ActiveCfg = Debug|Any CPU
		{B77226A6-5FDB-4E24-87DF-49C64A9B1454}.Debug|Any CPU.Build.0 = Debug|Any CPU
		{B77226A6-5FDB-4E24-87DF-49C64A9B1454}.Release|Any CPU.ActiveCfg = Release|Any CPU
		{B77226A6-5FDB-4E24-87DF-49C64A9B1454}.Release|Any CPU.Build.0 = Release|Any CPU
		{008DBE47-683D-428A-A56F-539E27F9F9F4}.Debug|Any CPU.ActiveCfg = Debug|Any CPU
		{008DBE47-683D-428A-A56F-539E27F9F9F4}.Debug|Any CPU.Build.0 = Debug|Any CPU
		{008DBE47-683D-428A-A56F-539E27F9F9F4}.Release|Any CPU.ActiveCfg = Release|Any CPU
		{008DBE47-683D-428A-A56F-539E27F9F9F4}.Release|Any CPU.Build.0 = Release|Any CPU
		{7674A1AC-8777-4248-8348-5614E1D5EBCB}.Debug|Any CPU.ActiveCfg = Debug|Any CPU
		{7674A1AC-8777-4248-8348-5614E1D5EBCB}.Debug|Any CPU.Build.0 = Debug|Any CPU
		{7674A1AC-8777-4248-8348-5614E1D5EBCB}.Release|Any CPU.ActiveCfg = Release|Any CPU
		{7674A1AC-8777-4248-8348-5614E1D5EBCB}.Release|Any CPU.Build.0 = Release|Any CPU
		{6618CEB2-B807-4F56-8867-44572F71F189}.Debug|Any CPU.ActiveCfg = Debug|Any CPU
		{6618CEB2-B807-4F56-8867-44572F71F189}.Debug|Any CPU.Build.0 = Debug|Any CPU
		{6618CEB2-B807-4F56-8867-44572F71F189}.Release|Any CPU.ActiveCfg = Release|Any CPU
		{6618CEB2-B807-4F56-8867-44572F71F189}.Release|Any CPU.Build.0 = Release|Any CPU
	EndGlobalSection
	GlobalSection(SolutionProperties) = preSolution
		HideSolutionNode = FALSE
	EndGlobalSection
EndGlobal
