
Microsoft Visual Studio Solution File, Format Version 12.00
# Visual Studio Express 2013 for Windows Desktop
VisualStudioVersion = 12.0.31101.0
MinimumVisualStudioVersion = 10.0.40219.1
Project("{FAE04EC0-301F-11D3-BF4B-00C04F79EFBC}") = "Teltec.Common", "Teltec.Common\Teltec.Common.csproj", "{2894AAE3-E8C9-4EB5-82D4-66ED6DCAD810}"
EndProject
Project("{FAE04EC0-301F-11D3-BF4B-00C04F79EFBC}") = "Teltec.Storage", "Teltec.Storage\Teltec.Storage.csproj", "{0C04ED53-6F3C-4F66-BD02-9391AD199B2D}"
EndProject
Project("{FAE04EC0-301F-11D3-BF4B-00C04F79EFBC}") = "Teltec.Backup.App", "Teltec.Backup.App\Teltec.Backup.App.csproj", "{AA94A2C3-545B-4E24-9D46-AE45740C461A}"
EndProject
Project("{FAE04EC0-301F-11D3-BF4B-00C04F79EFBC}") = "Teltec.Forms.Wizard", "Teltec.Forms.Wizard\Teltec.Forms.Wizard.csproj", "{03B4F6D7-E176-41FC-BD45-A2FBFA739248}"
EndProject
Project("{FAE04EC0-301F-11D3-BF4B-00C04F79EFBC}") = "Teltec.FileSystem", "Teltec.FileSystem\Teltec.FileSystem.csproj", "{C3E6071D-6940-453C-A919-795795F82584}"
EndProject
Project("{FAE04EC0-301F-11D3-BF4B-00C04F79EFBC}") = "Teltec.FileSystem.Tests", "Teltec.FileSystem.Tests\Teltec.FileSystem.Tests.csproj", "{FE9FBDAE-343F-4EFF-9428-722AACD1D10E}"
EndProject
Project("{FAE04EC0-301F-11D3-BF4B-00C04F79EFBC}") = "Teltec.Backup.Svc", "Teltec.Backup.Svc\Teltec.Backup.Svc.csproj", "{134C9546-EC3F-4C05-87E3-5E11DDEB1BCE}"
EndProject
Project("{2150E333-8FDC-42A3-9474-1A3956D46DE8}") = "Solution Items", "Solution Items", "{E56C573E-986E-4412-B54F-BD3C9AB4F918}"
	ProjectSection(SolutionItems) = preProject
		connections.config = connections.config
		NLog.config = NLog.config
		NLog.xsd = NLog.xsd
	EndProjectSection
EndProject
Project("{FAE04EC0-301F-11D3-BF4B-00C04F79EFBC}") = "Teltec.Backup.PlanExecutor", "Teltec.Backup.PlanExecutor\Teltec.Backup.PlanExecutor.csproj", "{0D704DE4-13FE-4603-A903-6CD9939A2645}"
EndProject
Project("{FAE04EC0-301F-11D3-BF4B-00C04F79EFBC}") = "Installer", "Installer\Installer.csproj", "{BECAF938-12DC-4512-9987-FB82AC30F8A2}"
EndProject
Global
	GlobalSection(SolutionConfigurationPlatforms) = preSolution
		Debug|Any CPU = Debug|Any CPU
		Release|Any CPU = Release|Any CPU
	EndGlobalSection
	GlobalSection(ProjectConfigurationPlatforms) = postSolution
		{2894AAE3-E8C9-4EB5-82D4-66ED6DCAD810}.Debug|Any CPU.ActiveCfg = Debug|Any CPU
		{2894AAE3-E8C9-4EB5-82D4-66ED6DCAD810}.Debug|Any CPU.Build.0 = Debug|Any CPU
		{2894AAE3-E8C9-4EB5-82D4-66ED6DCAD810}.Release|Any CPU.ActiveCfg = Release|Any CPU
		{2894AAE3-E8C9-4EB5-82D4-66ED6DCAD810}.Release|Any CPU.Build.0 = Release|Any CPU
		{0C04ED53-6F3C-4F66-BD02-9391AD199B2D}.Debug|Any CPU.ActiveCfg = Debug|Any CPU
		{0C04ED53-6F3C-4F66-BD02-9391AD199B2D}.Debug|Any CPU.Build.0 = Debug|Any CPU
		{0C04ED53-6F3C-4F66-BD02-9391AD199B2D}.Release|Any CPU.ActiveCfg = Release|Any CPU
		{0C04ED53-6F3C-4F66-BD02-9391AD199B2D}.Release|Any CPU.Build.0 = Release|Any CPU
		{AA94A2C3-545B-4E24-9D46-AE45740C461A}.Debug|Any CPU.ActiveCfg = Debug|Any CPU
		{AA94A2C3-545B-4E24-9D46-AE45740C461A}.Debug|Any CPU.Build.0 = Debug|Any CPU
		{AA94A2C3-545B-4E24-9D46-AE45740C461A}.Release|Any CPU.ActiveCfg = Release|Any CPU
		{AA94A2C3-545B-4E24-9D46-AE45740C461A}.Release|Any CPU.Build.0 = Release|Any CPU
		{03B4F6D7-E176-41FC-BD45-A2FBFA739248}.Debug|Any CPU.ActiveCfg = Debug|Any CPU
		{03B4F6D7-E176-41FC-BD45-A2FBFA739248}.Debug|Any CPU.Build.0 = Debug|Any CPU
		{03B4F6D7-E176-41FC-BD45-A2FBFA739248}.Release|Any CPU.ActiveCfg = Release|Any CPU
		{03B4F6D7-E176-41FC-BD45-A2FBFA739248}.Release|Any CPU.Build.0 = Release|Any CPU
		{C3E6071D-6940-453C-A919-795795F82584}.Debug|Any CPU.ActiveCfg = Debug|Any CPU
		{C3E6071D-6940-453C-A919-795795F82584}.Debug|Any CPU.Build.0 = Debug|Any CPU
		{C3E6071D-6940-453C-A919-795795F82584}.Release|Any CPU.ActiveCfg = Release|Any CPU
		{C3E6071D-6940-453C-A919-795795F82584}.Release|Any CPU.Build.0 = Release|Any CPU
		{FE9FBDAE-343F-4EFF-9428-722AACD1D10E}.Debug|Any CPU.ActiveCfg = Debug|Any CPU
		{FE9FBDAE-343F-4EFF-9428-722AACD1D10E}.Debug|Any CPU.Build.0 = Debug|Any CPU
		{FE9FBDAE-343F-4EFF-9428-722AACD1D10E}.Release|Any CPU.ActiveCfg = Release|Any CPU
		{FE9FBDAE-343F-4EFF-9428-722AACD1D10E}.Release|Any CPU.Build.0 = Release|Any CPU
		{134C9546-EC3F-4C05-87E3-5E11DDEB1BCE}.Debug|Any CPU.ActiveCfg = Debug|Any CPU
		{134C9546-EC3F-4C05-87E3-5E11DDEB1BCE}.Debug|Any CPU.Build.0 = Debug|Any CPU
		{134C9546-EC3F-4C05-87E3-5E11DDEB1BCE}.Release|Any CPU.ActiveCfg = Release|Any CPU
		{134C9546-EC3F-4C05-87E3-5E11DDEB1BCE}.Release|Any CPU.Build.0 = Release|Any CPU
		{0D704DE4-13FE-4603-A903-6CD9939A2645}.Debug|Any CPU.ActiveCfg = Debug|Any CPU
		{0D704DE4-13FE-4603-A903-6CD9939A2645}.Debug|Any CPU.Build.0 = Debug|Any CPU
		{0D704DE4-13FE-4603-A903-6CD9939A2645}.Release|Any CPU.ActiveCfg = Release|Any CPU
		{0D704DE4-13FE-4603-A903-6CD9939A2645}.Release|Any CPU.Build.0 = Release|Any CPU
		{BECAF938-12DC-4512-9987-FB82AC30F8A2}.Debug|Any CPU.ActiveCfg = Debug|Any CPU
		{BECAF938-12DC-4512-9987-FB82AC30F8A2}.Debug|Any CPU.Build.0 = Debug|Any CPU
		{BECAF938-12DC-4512-9987-FB82AC30F8A2}.Release|Any CPU.ActiveCfg = Release|Any CPU
		{BECAF938-12DC-4512-9987-FB82AC30F8A2}.Release|Any CPU.Build.0 = Release|Any CPU
	EndGlobalSection
	GlobalSection(SolutionProperties) = preSolution
		HideSolutionNode = FALSE
	EndGlobalSection
EndGlobal
